
Microsoft Visual Studio Solution File, Format Version 12.00
# Visual Studio Version 17
VisualStudioVersion = 17.0.31903.59
MinimumVisualStudioVersion = 10.0.40219.1
Project("{FAE04EC0-301F-11D3-BF4B-00C04F79EFBC}") = "Domain", "Domain\Domain.csproj", "{92CA4439-0F78-41FD-9E1A-B6CF55820281}"
EndProject
Project("{FAE04EC0-301F-11D3-BF4B-00C04F79EFBC}") = "Infrastructure", "Infrastructure\Infrastructure.csproj", "{A4B6FBBD-5E69-44BC-AC9B-776C35F1E71D}"
EndProject
Project("{FAE04EC0-301F-11D3-BF4B-00C04F79EFBC}") = "Application", "Application\Application.csproj", "{39A84A4D-E452-46F6-8CFC-5570648D2A96}"
EndProject
Project("{FAE04EC0-301F-11D3-BF4B-00C04F79EFBC}") = "Presentation", "Presentation\Presentation.csproj", "{686FA38A-6956-473F-98DE-762449B65D40}"
EndProject
Project("{FAE04EC0-301F-11D3-BF4B-00C04F79EFBC}") = "Test", "Test\Test.csproj", "{2951CFE1-ED4A-4A96-AD58-6DA20E98700A}"
EndProject
Global
	GlobalSection(SolutionConfigurationPlatforms) = preSolution
		Debug|Any CPU = Debug|Any CPU
		Release|Any CPU = Release|Any CPU
	EndGlobalSection
	GlobalSection(SolutionProperties) = preSolution
		HideSolutionNode = FALSE
	EndGlobalSection
	GlobalSection(ProjectConfigurationPlatforms) = postSolution
		{92CA4439-0F78-41FD-9E1A-B6CF55820281}.Debug|Any CPU.ActiveCfg = Debug|Any CPU
		{92CA4439-0F78-41FD-9E1A-B6CF55820281}.Debug|Any CPU.Build.0 = Debug|Any CPU
		{92CA4439-0F78-41FD-9E1A-B6CF55820281}.Release|Any CPU.ActiveCfg = Release|Any CPU
		{92CA4439-0F78-41FD-9E1A-B6CF55820281}.Release|Any CPU.Build.0 = Release|Any CPU
		{A4B6FBBD-5E69-44BC-AC9B-776C35F1E71D}.Debug|Any CPU.ActiveCfg = Debug|Any CPU
		{A4B6FBBD-5E69-44BC-AC9B-776C35F1E71D}.Debug|Any CPU.Build.0 = Debug|Any CPU
		{A4B6FBBD-5E69-44BC-AC9B-776C35F1E71D}.Release|Any CPU.ActiveCfg = Release|Any CPU
		{A4B6FBBD-5E69-44BC-AC9B-776C35F1E71D}.Release|Any CPU.Build.0 = Release|Any CPU
		{39A84A4D-E452-46F6-8CFC-5570648D2A96}.Debug|Any CPU.ActiveCfg = Debug|Any CPU
		{39A84A4D-E452-46F6-8CFC-5570648D2A96}.Debug|Any CPU.Build.0 = Debug|Any CPU
		{39A84A4D-E452-46F6-8CFC-5570648D2A96}.Release|Any CPU.ActiveCfg = Release|Any CPU
		{39A84A4D-E452-46F6-8CFC-5570648D2A96}.Release|Any CPU.Build.0 = Release|Any CPU
		{686FA38A-6956-473F-98DE-762449B65D40}.Debug|Any CPU.ActiveCfg = Debug|Any CPU
		{686FA38A-6956-473F-98DE-762449B65D40}.Debug|Any CPU.Build.0 = Debug|Any CPU
		{686FA38A-6956-473F-98DE-762449B65D40}.Release|Any CPU.ActiveCfg = Release|Any CPU
		{686FA38A-6956-473F-98DE-762449B65D40}.Release|Any CPU.Build.0 = Release|Any CPU
		{2951CFE1-ED4A-4A96-AD58-6DA20E98700A}.Debug|Any CPU.ActiveCfg = Debug|Any CPU
		{2951CFE1-ED4A-4A96-AD58-6DA20E98700A}.Debug|Any CPU.Build.0 = Debug|Any CPU
		{2951CFE1-ED4A-4A96-AD58-6DA20E98700A}.Release|Any CPU.ActiveCfg = Release|Any CPU
		{2951CFE1-ED4A-4A96-AD58-6DA20E98700A}.Release|Any CPU.Build.0 = Release|Any CPU
	EndGlobalSection
EndGlobal
